// !$*UTF8*$!
{
	archiveVersion = 1;
	classes = {
	};
	objectVersion = 56;
	objects = {

/* Begin PBXBuildFile section */
		8A34BC132981A59000D24EA2 /* HomeView.swift in Sources */ = {isa = PBXBuildFile; fileRef = 8A34BC122981A59000D24EA2 /* HomeView.swift */; };
		8A34BC152981AA6A00D24EA2 /* ProfileView.swift in Sources */ = {isa = PBXBuildFile; fileRef = 8A34BC142981AA6A00D24EA2 /* ProfileView.swift */; };
		8A34BC192981AD4A00D24EA2 /* VocabularyView.swift in Sources */ = {isa = PBXBuildFile; fileRef = 8A34BC182981AD4A00D24EA2 /* VocabularyView.swift */; };
		8A34BC302984828200D24EA2 /* DataManager.swift in Sources */ = {isa = PBXBuildFile; fileRef = 8A34BC2F2984828200D24EA2 /* DataManager.swift */; };
		8A34BC322985470D00D24EA2 /* Word.swift in Sources */ = {isa = PBXBuildFile; fileRef = 8A34BC312985470D00D24EA2 /* Word.swift */; };
		8A34BC3529871B4000D24EA2 /* GoogleService-Info.plist in Resources */ = {isa = PBXBuildFile; fileRef = 8A34BC3429871B4000D24EA2 /* GoogleService-Info.plist */; };
		8A34BC3829871EA200D24EA2 /* FirebaseAuth in Frameworks */ = {isa = PBXBuildFile; productRef = 8A34BC3729871EA200D24EA2 /* FirebaseAuth */; };
		8A34BC3A29871EA200D24EA2 /* FirebaseDatabase in Frameworks */ = {isa = PBXBuildFile; productRef = 8A34BC3929871EA200D24EA2 /* FirebaseDatabase */; };
		8A34BC3C29871EA200D24EA2 /* FirebaseDatabaseSwift in Frameworks */ = {isa = PBXBuildFile; productRef = 8A34BC3B29871EA200D24EA2 /* FirebaseDatabaseSwift */; };
		8A34BC3E29871EA200D24EA2 /* FirebaseFirestore in Frameworks */ = {isa = PBXBuildFile; productRef = 8A34BC3D29871EA200D24EA2 /* FirebaseFirestore */; };
		8A34BC4029871EA200D24EA2 /* FirebaseFirestoreSwift in Frameworks */ = {isa = PBXBuildFile; productRef = 8A34BC3F29871EA200D24EA2 /* FirebaseFirestoreSwift */; };
		8A34BC4229871EA200D24EA2 /* FirebaseStorage in Frameworks */ = {isa = PBXBuildFile; productRef = 8A34BC4129871EA200D24EA2 /* FirebaseStorage */; };
		8A34BC44298828B000D24EA2 /* WordDetailsView.swift in Sources */ = {isa = PBXBuildFile; fileRef = 8A34BC43298828B000D24EA2 /* WordDetailsView.swift */; };
		8AEDBB6B297F108A00E8FFB8 /* novoyazApp.swift in Sources */ = {isa = PBXBuildFile; fileRef = 8AEDBB6A297F108A00E8FFB8 /* novoyazApp.swift */; };
		8AEDBB6D297F108A00E8FFB8 /* ContentView.swift in Sources */ = {isa = PBXBuildFile; fileRef = 8AEDBB6C297F108A00E8FFB8 /* ContentView.swift */; };
		8AEDBB6F297F108B00E8FFB8 /* Assets.xcassets in Resources */ = {isa = PBXBuildFile; fileRef = 8AEDBB6E297F108B00E8FFB8 /* Assets.xcassets */; };
		8AEDBB72297F108B00E8FFB8 /* Preview Assets.xcassets in Resources */ = {isa = PBXBuildFile; fileRef = 8AEDBB71297F108B00E8FFB8 /* Preview Assets.xcassets */; };
/* End PBXBuildFile section */

/* Begin PBXFileReference section */
		8A34BC122981A59000D24EA2 /* HomeView.swift */ = {isa = PBXFileReference; lastKnownFileType = sourcecode.swift; path = HomeView.swift; sourceTree = "<group>"; };
		8A34BC142981AA6A00D24EA2 /* ProfileView.swift */ = {isa = PBXFileReference; lastKnownFileType = sourcecode.swift; path = ProfileView.swift; sourceTree = "<group>"; };
		8A34BC182981AD4A00D24EA2 /* VocabularyView.swift */ = {isa = PBXFileReference; lastKnownFileType = sourcecode.swift; path = VocabularyView.swift; sourceTree = "<group>"; };
		8A34BC2F2984828200D24EA2 /* DataManager.swift */ = {isa = PBXFileReference; lastKnownFileType = sourcecode.swift; path = DataManager.swift; sourceTree = "<group>"; };
		8A34BC312985470D00D24EA2 /* Word.swift */ = {isa = PBXFileReference; lastKnownFileType = sourcecode.swift; path = Word.swift; sourceTree = "<group>"; };
		8A34BC3429871B4000D24EA2 /* GoogleService-Info.plist */ = {isa = PBXFileReference; fileEncoding = 4; lastKnownFileType = text.plist.xml; path = "GoogleService-Info.plist"; sourceTree = "<group>"; };
		8A34BC43298828B000D24EA2 /* WordDetailsView.swift */ = {isa = PBXFileReference; lastKnownFileType = sourcecode.swift; path = WordDetailsView.swift; sourceTree = "<group>"; };
		8AEDBB67297F108A00E8FFB8 /* novoyaz.app */ = {isa = PBXFileReference; explicitFileType = wrapper.application; includeInIndex = 0; path = novoyaz.app; sourceTree = BUILT_PRODUCTS_DIR; };
		8AEDBB6A297F108A00E8FFB8 /* novoyazApp.swift */ = {isa = PBXFileReference; lastKnownFileType = sourcecode.swift; path = novoyazApp.swift; sourceTree = "<group>"; };
		8AEDBB6C297F108A00E8FFB8 /* ContentView.swift */ = {isa = PBXFileReference; lastKnownFileType = sourcecode.swift; path = ContentView.swift; sourceTree = "<group>"; };
		8AEDBB6E297F108B00E8FFB8 /* Assets.xcassets */ = {isa = PBXFileReference; lastKnownFileType = folder.assetcatalog; path = Assets.xcassets; sourceTree = "<group>"; };
		8AEDBB71297F108B00E8FFB8 /* Preview Assets.xcassets */ = {isa = PBXFileReference; lastKnownFileType = folder.assetcatalog; path = "Preview Assets.xcassets"; sourceTree = "<group>"; };
/* End PBXFileReference section */

/* Begin PBXFrameworksBuildPhase section */
		8AEDBB64297F108A00E8FFB8 /* Frameworks */ = {
			isa = PBXFrameworksBuildPhase;
			buildActionMask = 2147483647;
			files = (
				8A34BC4029871EA200D24EA2 /* FirebaseFirestoreSwift in Frameworks */,
				8A34BC3C29871EA200D24EA2 /* FirebaseDatabaseSwift in Frameworks */,
				8A34BC3E29871EA200D24EA2 /* FirebaseFirestore in Frameworks */,
				8A34BC3A29871EA200D24EA2 /* FirebaseDatabase in Frameworks */,
				8A34BC3829871EA200D24EA2 /* FirebaseAuth in Frameworks */,
				8A34BC4229871EA200D24EA2 /* FirebaseStorage in Frameworks */,
			);
			runOnlyForDeploymentPostprocessing = 0;
		};
/* End PBXFrameworksBuildPhase section */

/* Begin PBXGroup section */
		8AEDBB5E297F108A00E8FFB8 = {
			isa = PBXGroup;
			children = (
				8AEDBB69297F108A00E8FFB8 /* novoyaz */,
				8AEDBB68297F108A00E8FFB8 /* Products */,
			);
			sourceTree = "<group>";
		};
		8AEDBB68297F108A00E8FFB8 /* Products */ = {
			isa = PBXGroup;
			children = (
				8AEDBB67297F108A00E8FFB8 /* novoyaz.app */,
			);
			name = Products;
			sourceTree = "<group>";
		};
		8AEDBB69297F108A00E8FFB8 /* novoyaz */ = {
			isa = PBXGroup;
			children = (
				8AEDBB6A297F108A00E8FFB8 /* novoyazApp.swift */,
				8A34BC3429871B4000D24EA2 /* GoogleService-Info.plist */,
				8AEDBB6C297F108A00E8FFB8 /* ContentView.swift */,
				8A34BC182981AD4A00D24EA2 /* VocabularyView.swift */,
				8A34BC312985470D00D24EA2 /* Word.swift */,
				8A34BC43298828B000D24EA2 /* WordDetailsView.swift */,
				8A34BC122981A59000D24EA2 /* HomeView.swift */,
				8A34BC2F2984828200D24EA2 /* DataManager.swift */,
				8A34BC142981AA6A00D24EA2 /* ProfileView.swift */,
				8AEDBB6E297F108B00E8FFB8 /* Assets.xcassets */,
				8AEDBB70297F108B00E8FFB8 /* Preview Content */,
			);
			path = novoyaz;
			sourceTree = "<group>";
		};
		8AEDBB70297F108B00E8FFB8 /* Preview Content */ = {
			isa = PBXGroup;
			children = (
				8AEDBB71297F108B00E8FFB8 /* Preview Assets.xcassets */,
			);
			path = "Preview Content";
			sourceTree = "<group>";
		};
/* End PBXGroup section */

/* Begin PBXNativeTarget section */
		8AEDBB66297F108A00E8FFB8 /* novoyaz */ = {
			isa = PBXNativeTarget;
			buildConfigurationList = 8AEDBB75297F108B00E8FFB8 /* Build configuration list for PBXNativeTarget "novoyaz" */;
			buildPhases = (
				8AEDBB63297F108A00E8FFB8 /* Sources */,
				8AEDBB64297F108A00E8FFB8 /* Frameworks */,
				8AEDBB65297F108A00E8FFB8 /* Resources */,
			);
			buildRules = (
			);
			dependencies = (
			);
			name = novoyaz;
			packageProductDependencies = (
				8A34BC3729871EA200D24EA2 /* FirebaseAuth */,
				8A34BC3929871EA200D24EA2 /* FirebaseDatabase */,
				8A34BC3B29871EA200D24EA2 /* FirebaseDatabaseSwift */,
				8A34BC3D29871EA200D24EA2 /* FirebaseFirestore */,
				8A34BC3F29871EA200D24EA2 /* FirebaseFirestoreSwift */,
				8A34BC4129871EA200D24EA2 /* FirebaseStorage */,
			);
			productName = novoyaz;
			productReference = 8AEDBB67297F108A00E8FFB8 /* novoyaz.app */;
			productType = "com.apple.product-type.application";
		};
/* End PBXNativeTarget section */

/* Begin PBXProject section */
		8AEDBB5F297F108A00E8FFB8 /* Project object */ = {
			isa = PBXProject;
			attributes = {
				BuildIndependentTargetsInParallel = 1;
				LastSwiftUpdateCheck = 1420;
				LastUpgradeCheck = 1420;
				TargetAttributes = {
					8AEDBB66297F108A00E8FFB8 = {
						CreatedOnToolsVersion = 14.2;
					};
				};
			};
			buildConfigurationList = 8AEDBB62297F108A00E8FFB8 /* Build configuration list for PBXProject "novoyaz" */;
			compatibilityVersion = "Xcode 14.0";
			developmentRegion = en;
			hasScannedForEncodings = 0;
			knownRegions = (
				en,
				Base,
			);
			mainGroup = 8AEDBB5E297F108A00E8FFB8;
			packageReferences = (
				8A34BC3629871EA100D24EA2 /* XCRemoteSwiftPackageReference "firebase-ios-sdk" */,
			);
			productRefGroup = 8AEDBB68297F108A00E8FFB8 /* Products */;
			projectDirPath = "";
			projectRoot = "";
			targets = (
				8AEDBB66297F108A00E8FFB8 /* novoyaz */,
			);
		};
/* End PBXProject section */

/* Begin PBXResourcesBuildPhase section */
		8AEDBB65297F108A00E8FFB8 /* Resources */ = {
			isa = PBXResourcesBuildPhase;
			buildActionMask = 2147483647;
			files = (
				8AEDBB72297F108B00E8FFB8 /* Preview Assets.xcassets in Resources */,
				8AEDBB6F297F108B00E8FFB8 /* Assets.xcassets in Resources */,
				8A34BC3529871B4000D24EA2 /* GoogleService-Info.plist in Resources */,
			);
			runOnlyForDeploymentPostprocessing = 0;
		};
/* End PBXResourcesBuildPhase section */

/* Begin PBXSourcesBuildPhase section */
		8AEDBB63297F108A00E8FFB8 /* Sources */ = {
			isa = PBXSourcesBuildPhase;
			buildActionMask = 2147483647;
			files = (
				8A34BC192981AD4A00D24EA2 /* VocabularyView.swift in Sources */,
				8A34BC322985470D00D24EA2 /* Word.swift in Sources */,
				8A34BC152981AA6A00D24EA2 /* ProfileView.swift in Sources */,
				8A34BC132981A59000D24EA2 /* HomeView.swift in Sources */,
				8A34BC302984828200D24EA2 /* DataManager.swift in Sources */,
				8A34BC44298828B000D24EA2 /* WordDetailsView.swift in Sources */,
				8AEDBB6D297F108A00E8FFB8 /* ContentView.swift in Sources */,
				8AEDBB6B297F108A00E8FFB8 /* novoyazApp.swift in Sources */,
			);
			runOnlyForDeploymentPostprocessing = 0;
		};
/* End PBXSourcesBuildPhase section */

/* Begin XCBuildConfiguration section */
		8AEDBB73297F108B00E8FFB8 /* Debug */ = {
			isa = XCBuildConfiguration;
			buildSettings = {
				ALWAYS_SEARCH_USER_PATHS = NO;
				CLANG_ANALYZER_NONNULL = YES;
				CLANG_ANALYZER_NUMBER_OBJECT_CONVERSION = YES_AGGRESSIVE;
				CLANG_CXX_LANGUAGE_STANDARD = "gnu++20";
				CLANG_ENABLE_MODULES = YES;
				CLANG_ENABLE_OBJC_ARC = YES;
				CLANG_ENABLE_OBJC_WEAK = YES;
				CLANG_WARN_BLOCK_CAPTURE_AUTORELEASING = YES;
				CLANG_WARN_BOOL_CONVERSION = YES;
				CLANG_WARN_COMMA = YES;
				CLANG_WARN_CONSTANT_CONVERSION = YES;
				CLANG_WARN_DEPRECATED_OBJC_IMPLEMENTATIONS = YES;
				CLANG_WARN_DIRECT_OBJC_ISA_USAGE = YES_ERROR;
				CLANG_WARN_DOCUMENTATION_COMMENTS = YES;
				CLANG_WARN_EMPTY_BODY = YES;
				CLANG_WARN_ENUM_CONVERSION = YES;
				CLANG_WARN_INFINITE_RECURSION = YES;
				CLANG_WARN_INT_CONVERSION = YES;
				CLANG_WARN_NON_LITERAL_NULL_CONVERSION = YES;
				CLANG_WARN_OBJC_IMPLICIT_RETAIN_SELF = YES;
				CLANG_WARN_OBJC_LITERAL_CONVERSION = YES;
				CLANG_WARN_OBJC_ROOT_CLASS = YES_ERROR;
				CLANG_WARN_QUOTED_INCLUDE_IN_FRAMEWORK_HEADER = YES;
				CLANG_WARN_RANGE_LOOP_ANALYSIS = YES;
				CLANG_WARN_STRICT_PROTOTYPES = YES;
				CLANG_WARN_SUSPICIOUS_MOVE = YES;
				CLANG_WARN_UNGUARDED_AVAILABILITY = YES_AGGRESSIVE;
				CLANG_WARN_UNREACHABLE_CODE = YES;
				CLANG_WARN__DUPLICATE_METHOD_MATCH = YES;
				COPY_PHASE_STRIP = NO;
				DEBUG_INFORMATION_FORMAT = dwarf;
				ENABLE_STRICT_OBJC_MSGSEND = YES;
				ENABLE_TESTABILITY = YES;
				GCC_C_LANGUAGE_STANDARD = gnu11;
				GCC_DYNAMIC_NO_PIC = NO;
				GCC_NO_COMMON_BLOCKS = YES;
				GCC_OPTIMIZATION_LEVEL = 0;
				GCC_PREPROCESSOR_DEFINITIONS = (
					"DEBUG=1",
					"$(inherited)",
				);
				GCC_WARN_64_TO_32_BIT_CONVERSION = YES;
				GCC_WARN_ABOUT_RETURN_TYPE = YES_ERROR;
				GCC_WARN_UNDECLARED_SELECTOR = YES;
				GCC_WARN_UNINITIALIZED_AUTOS = YES_AGGRESSIVE;
				GCC_WARN_UNUSED_FUNCTION = YES;
				GCC_WARN_UNUSED_VARIABLE = YES;
				IPHONEOS_DEPLOYMENT_TARGET = 16.2;
				MTL_ENABLE_DEBUG_INFO = INCLUDE_SOURCE;
				MTL_FAST_MATH = YES;
				ONLY_ACTIVE_ARCH = YES;
				SDKROOT = iphoneos;
				SWIFT_ACTIVE_COMPILATION_CONDITIONS = DEBUG;
				SWIFT_OPTIMIZATION_LEVEL = "-Onone";
			};
			name = Debug;
		};
		8AEDBB74297F108B00E8FFB8 /* Release */ = {
			isa = XCBuildConfiguration;
			buildSettings = {
				ALWAYS_SEARCH_USER_PATHS = NO;
				CLANG_ANALYZER_NONNULL = YES;
				CLANG_ANALYZER_NUMBER_OBJECT_CONVERSION = YES_AGGRESSIVE;
				CLANG_CXX_LANGUAGE_STANDARD = "gnu++20";
				CLANG_ENABLE_MODULES = YES;
				CLANG_ENABLE_OBJC_ARC = YES;
				CLANG_ENABLE_OBJC_WEAK = YES;
				CLANG_WARN_BLOCK_CAPTURE_AUTORELEASING = YES;
				CLANG_WARN_BOOL_CONVERSION = YES;
				CLANG_WARN_COMMA = YES;
				CLANG_WARN_CONSTANT_CONVERSION = YES;
				CLANG_WARN_DEPRECATED_OBJC_IMPLEMENTATIONS = YES;
				CLANG_WARN_DIRECT_OBJC_ISA_USAGE = YES_ERROR;
				CLANG_WARN_DOCUMENTATION_COMMENTS = YES;
				CLANG_WARN_EMPTY_BODY = YES;
				CLANG_WARN_ENUM_CONVERSION = YES;
				CLANG_WARN_INFINITE_RECURSION = YES;
				CLANG_WARN_INT_CONVERSION = YES;
				CLANG_WARN_NON_LITERAL_NULL_CONVERSION = YES;
				CLANG_WARN_OBJC_IMPLICIT_RETAIN_SELF = YES;
				CLANG_WARN_OBJC_LITERAL_CONVERSION = YES;
				CLANG_WARN_OBJC_ROOT_CLASS = YES_ERROR;
				CLANG_WARN_QUOTED_INCLUDE_IN_FRAMEWORK_HEADER = YES;
				CLANG_WARN_RANGE_LOOP_ANALYSIS = YES;
				CLANG_WARN_STRICT_PROTOTYPES = YES;
				CLANG_WARN_SUSPICIOUS_MOVE = YES;
				CLANG_WARN_UNGUARDED_AVAILABILITY = YES_AGGRESSIVE;
				CLANG_WARN_UNREACHABLE_CODE = YES;
				CLANG_WARN__DUPLICATE_METHOD_MATCH = YES;
				COPY_PHASE_STRIP = NO;
				DEBUG_INFORMATION_FORMAT = "dwarf-with-dsym";
				ENABLE_NS_ASSERTIONS = NO;
				ENABLE_STRICT_OBJC_MSGSEND = YES;
				GCC_C_LANGUAGE_STANDARD = gnu11;
				GCC_NO_COMMON_BLOCKS = YES;
				GCC_WARN_64_TO_32_BIT_CONVERSION = YES;
				GCC_WARN_ABOUT_RETURN_TYPE = YES_ERROR;
				GCC_WARN_UNDECLARED_SELECTOR = YES;
				GCC_WARN_UNINITIALIZED_AUTOS = YES_AGGRESSIVE;
				GCC_WARN_UNUSED_FUNCTION = YES;
				GCC_WARN_UNUSED_VARIABLE = YES;
				IPHONEOS_DEPLOYMENT_TARGET = 16.2;
				MTL_ENABLE_DEBUG_INFO = NO;
				MTL_FAST_MATH = YES;
				SDKROOT = iphoneos;
				SWIFT_COMPILATION_MODE = wholemodule;
				SWIFT_OPTIMIZATION_LEVEL = "-O";
				VALIDATE_PRODUCT = YES;
			};
			name = Release;
		};
		8AEDBB76297F108B00E8FFB8 /* Debug */ = {
			isa = XCBuildConfiguration;
			buildSettings = {
				ASSETCATALOG_COMPILER_APPICON_NAME = AppIcon;
				ASSETCATALOG_COMPILER_GLOBAL_ACCENT_COLOR_NAME = AccentColor;
				CODE_SIGN_STYLE = Automatic;
				CURRENT_PROJECT_VERSION = 1;
				DEVELOPMENT_ASSET_PATHS = "\"novoyaz/Preview Content\"";
				DEVELOPMENT_TEAM = ZPRY882P5M;
				ENABLE_PREVIEWS = YES;
				GENERATE_INFOPLIST_FILE = YES;
				INFOPLIST_KEY_UIApplicationSceneManifest_Generation = YES;
				INFOPLIST_KEY_UIApplicationSupportsIndirectInputEvents = YES;
				INFOPLIST_KEY_UILaunchScreen_Generation = YES;
				INFOPLIST_KEY_UISupportedInterfaceOrientations = UIInterfaceOrientationPortrait;
				INFOPLIST_KEY_UISupportedInterfaceOrientations_iPad = "UIInterfaceOrientationLandscapeLeft UIInterfaceOrientationLandscapeRight UIInterfaceOrientationPortrait UIInterfaceOrientationPortraitUpsideDown";
				LD_RUNPATH_SEARCH_PATHS = (
					"$(inherited)",
					"@executable_path/Frameworks",
				);
				MARKETING_VERSION = 1.0;
				PRODUCT_BUNDLE_IDENTIFIER = MihailKisluhin.novoyaz;
				PRODUCT_NAME = "$(TARGET_NAME)";
				SUPPORTED_PLATFORMS = "iphoneos iphonesimulator";
				SUPPORTS_MACCATALYST = NO;
				SUPPORTS_MAC_DESIGNED_FOR_IPHONE_IPAD = NO;
				SWIFT_EMIT_LOC_STRINGS = YES;
				SWIFT_VERSION = 5.0;
				TARGETED_DEVICE_FAMILY = 1;
			};
			name = Debug;
		};
		8AEDBB77297F108B00E8FFB8 /* Release */ = {
			isa = XCBuildConfiguration;
			buildSettings = {
				ASSETCATALOG_COMPILER_APPICON_NAME = AppIcon;
				ASSETCATALOG_COMPILER_GLOBAL_ACCENT_COLOR_NAME = AccentColor;
				CODE_SIGN_STYLE = Automatic;
				CURRENT_PROJECT_VERSION = 1;
				DEVELOPMENT_ASSET_PATHS = "\"novoyaz/Preview Content\"";
				DEVELOPMENT_TEAM = ZPRY882P5M;
				ENABLE_PREVIEWS = YES;
				GENERATE_INFOPLIST_FILE = YES;
				INFOPLIST_KEY_UIApplicationSceneManifest_Generation = YES;
				INFOPLIST_KEY_UIApplicationSupportsIndirectInputEvents = YES;
				INFOPLIST_KEY_UILaunchScreen_Generation = YES;
				INFOPLIST_KEY_UISupportedInterfaceOrientations = UIInterfaceOrientationPortrait;
				INFOPLIST_KEY_UISupportedInterfaceOrientations_iPad = "UIInterfaceOrientationLandscapeLeft UIInterfaceOrientationLandscapeRight UIInterfaceOrientationPortrait UIInterfaceOrientationPortraitUpsideDown";
				LD_RUNPATH_SEARCH_PATHS = (
					"$(inherited)",
					"@executable_path/Frameworks",
				);
				MARKETING_VERSION = 1.0;
				PRODUCT_BUNDLE_IDENTIFIER = MihailKisluhin.novoyaz;
				PRODUCT_NAME = "$(TARGET_NAME)";
				SUPPORTED_PLATFORMS = "iphoneos iphonesimulator";
				SUPPORTS_MACCATALYST = NO;
				SUPPORTS_MAC_DESIGNED_FOR_IPHONE_IPAD = NO;
				SWIFT_EMIT_LOC_STRINGS = YES;
				SWIFT_VERSION = 5.0;
				TARGETED_DEVICE_FAMILY = 1;
			};
			name = Release;
		};
/* End XCBuildConfiguration section */

/* Begin XCConfigurationList section */
		8AEDBB62297F108A00E8FFB8 /* Build configuration list for PBXProject "novoyaz" */ = {
			isa = XCConfigurationList;
			buildConfigurations = (
				8AEDBB73297F108B00E8FFB8 /* Debug */,
				8AEDBB74297F108B00E8FFB8 /* Release */,
			);
			defaultConfigurationIsVisible = 0;
			defaultConfigurationName = Release;
		};
		8AEDBB75297F108B00E8FFB8 /* Build configuration list for PBXNativeTarget "novoyaz" */ = {
			isa = XCConfigurationList;
			buildConfigurations = (
				8AEDBB76297F108B00E8FFB8 /* Debug */,
				8AEDBB77297F108B00E8FFB8 /* Release */,
			);
			defaultConfigurationIsVisible = 0;
			defaultConfigurationName = Release;
		};
/* End XCConfigurationList section */

/* Begin XCRemoteSwiftPackageReference section */
		8A34BC3629871EA100D24EA2 /* XCRemoteSwiftPackageReference "firebase-ios-sdk" */ = {
			isa = XCRemoteSwiftPackageReference;
			repositoryURL = "https://github.com/firebase/firebase-ios-sdk";
			requirement = {
				kind = upToNextMajorVersion;
				minimumVersion = 9.0.0;
			};
		};
/* End XCRemoteSwiftPackageReference section */

/* Begin XCSwiftPackageProductDependency section */
		8A34BC3729871EA200D24EA2 /* FirebaseAuth */ = {
			isa = XCSwiftPackageProductDependency;
			package = 8A34BC3629871EA100D24EA2 /* XCRemoteSwiftPackageReference "firebase-ios-sdk" */;
			productName = FirebaseAuth;
		};
		8A34BC3929871EA200D24EA2 /* FirebaseDatabase */ = {
			isa = XCSwiftPackageProductDependency;
			package = 8A34BC3629871EA100D24EA2 /* XCRemoteSwiftPackageReference "firebase-ios-sdk" */;
			productName = FirebaseDatabase;
		};
		8A34BC3B29871EA200D24EA2 /* FirebaseDatabaseSwift */ = {
			isa = XCSwiftPackageProductDependency;
			package = 8A34BC3629871EA100D24EA2 /* XCRemoteSwiftPackageReference "firebase-ios-sdk" */;
			productName = FirebaseDatabaseSwift;
		};
		8A34BC3D29871EA200D24EA2 /* FirebaseFirestore */ = {
			isa = XCSwiftPackageProductDependency;
			package = 8A34BC3629871EA100D24EA2 /* XCRemoteSwiftPackageReference "firebase-ios-sdk" */;
			productName = FirebaseFirestore;
		};
		8A34BC3F29871EA200D24EA2 /* FirebaseFirestoreSwift */ = {
			isa = XCSwiftPackageProductDependency;
			package = 8A34BC3629871EA100D24EA2 /* XCRemoteSwiftPackageReference "firebase-ios-sdk" */;
			productName = FirebaseFirestoreSwift;
		};
		8A34BC4129871EA200D24EA2 /* FirebaseStorage */ = {
			isa = XCSwiftPackageProductDependency;
			package = 8A34BC3629871EA100D24EA2 /* XCRemoteSwiftPackageReference "firebase-ios-sdk" */;
			productName = FirebaseStorage;
		};
/* End XCSwiftPackageProductDependency section */
	};
	rootObject = 8AEDBB5F297F108A00E8FFB8 /* Project object */;
}
